# THIS IS AN AUTOGENERATED FILE. DO NOT EDIT THIS FILE DIRECTLY.
# yarn lockfile v1


"@babel/runtime@^7.6.2":
  version "7.20.6"
  resolved "https://registry.yarnpkg.com/@babel/runtime/-/runtime-7.20.6.tgz#facf4879bfed9b5326326273a64220f099b0fce3"
  integrity sha512-Q+8MqP7TiHMWzSfwiJwXCjyf4GYA4Dgw3emg/7xmwsdLJOZUp+nMqcOwOzzYheuM1rhDu8FSj2l0aoMygEuXuA==
  dependencies:
    regenerator-runtime "^0.13.11"

"@esbuild/android-arm64@0.16.7":
  version "0.16.7"
  resolved "https://registry.yarnpkg.com/@esbuild/android-arm64/-/android-arm64-0.16.7.tgz#2df472016c77dba3e79596a84da74c541698910f"
  integrity sha512-tYFw0lBJSEvLoGzzYh1kXuzoX1iPkbOk3O29VqzQb0HbOy7t/yw1hGkvwoJhXHwzQUPsShyYcTgRf6bDBcfnTw==

"@esbuild/android-arm@0.16.7":
  version "0.16.7"
  resolved "https://registry.yarnpkg.com/@esbuild/android-arm/-/android-arm-0.16.7.tgz#15f1a9b27b1637c38377b3e1f2d90b9782cdc141"
  integrity sha512-yhzDbiVcmq6T1/XEvdcJIVcXHdLjDJ5cQ0Dp9R9p9ERMBTeO1dR5tc8YYv8zwDeBw1xZm+Eo3MRo8cwclhBS0g==

"@esbuild/android-x64@0.16.7":
  version "0.16.7"
  resolved "https://registry.yarnpkg.com/@esbuild/android-x64/-/android-x64-0.16.7.tgz#cb34b7d666bf52266061cfb1a19c1d788b6c5ac1"
  integrity sha512-3P2OuTxwAtM3k/yEWTNUJRjMPG1ce8rXs51GTtvEC5z1j8fC1plHeVVczdeHECU7aM2/Buc0MwZ6ciM/zysnWg==

"@esbuild/darwin-arm64@0.16.7":
  version "0.16.7"
  resolved "https://registry.yarnpkg.com/@esbuild/darwin-arm64/-/darwin-arm64-0.16.7.tgz#be1fabd0c2f6af111c16e9e9b18bf336c1e11634"
  integrity sha512-VUb9GK23z8jkosHU9yJNUgQpsfJn+7ZyBm6adi2Ec5/U241eR1tAn82QicnUzaFDaffeixiHwikjmnec/YXEZg==

"@esbuild/darwin-x64@0.16.7":
  version "0.16.7"
  resolved "https://registry.yarnpkg.com/@esbuild/darwin-x64/-/darwin-x64-0.16.7.tgz#2206042ac4396bb18dd53b379df83bec47eeb5fb"
  integrity sha512-duterlv3tit3HI9vhzMWnSVaB1B6YsXpFq1Ntd6Fou82BB1l4tucYy3FI9dHv3tvtDuS0NiGf/k6XsdBqPZ01w==

"@esbuild/freebsd-arm64@0.16.7":
  version "0.16.7"
  resolved "https://registry.yarnpkg.com/@esbuild/freebsd-arm64/-/freebsd-arm64-0.16.7.tgz#ca52bd64b0bba69ae4063245366f25838357c332"
  integrity sha512-9kkycpBFes/vhi7B7o0cf+q2WdJi+EpVzpVTqtWFNiutARWDFFLcB93J8PR1cG228sucsl3B+7Ts27izE6qiaQ==

"@esbuild/freebsd-x64@0.16.7":
  version "0.16.7"
  resolved "https://registry.yarnpkg.com/@esbuild/freebsd-x64/-/freebsd-x64-0.16.7.tgz#bc01c146e6af5430c5eb325844de43f01e0264c4"
  integrity sha512-5Ahf6jzWXJ4J2uh9dpy5DKOO+PeRUE/9DMys6VuYfwgQzd6n5+pVFm58L2Z2gRe611RX6SdydnNaiIKM3svY7g==

"@esbuild/linux-arm64@0.16.7":
  version "0.16.7"
  resolved "https://registry.yarnpkg.com/@esbuild/linux-arm64/-/linux-arm64-0.16.7.tgz#23267ff1cdd2a8f150d5aca1d6d2a4dfd4be7909"
  integrity sha512-2wv0xYDskk2+MzIm/AEprDip39a23Chptc4mL7hsHg26P0gD8RUhzmDu0KCH2vMThUI1sChXXoK9uH0KYQKaDg==

"@esbuild/linux-arm@0.16.7":
  version "0.16.7"
  resolved "https://registry.yarnpkg.com/@esbuild/linux-arm/-/linux-arm-0.16.7.tgz#2c7cf7244e4b8a6f757a87a113d83d8a0c1f5297"
  integrity sha512-QqJnyCfu5OF78Olt7JJSZ7OSv/B4Hf+ZJWp4kkq9xwMsgu7yWq3crIic8gGOpDYTqVKKMDAVDgRXy5Wd/nWZyQ==

"@esbuild/linux-ia32@0.16.7":
  version "0.16.7"
  resolved "https://registry.yarnpkg.com/@esbuild/linux-ia32/-/linux-ia32-0.16.7.tgz#a15dc3edf6953c5414add4264fd8335f48775490"
  integrity sha512-APVYbEilKbD5ptmKdnIcXej2/+GdV65TfTjxR2Uk8t1EsOk49t6HapZW6DS/Bwlvh5hDwtLapdSumIVNGxgqLg==

"@esbuild/linux-loong64@0.16.7":
  version "0.16.7"
  resolved "https://registry.yarnpkg.com/@esbuild/linux-loong64/-/linux-loong64-0.16.7.tgz#b3ce8539cf307b543796530839cf62507d9c7e84"
  integrity sha512-5wPUAGclplQrAW7EFr3F84Y/d++7G0KykohaF4p54+iNWhUnMVU8Bh2sxiEOXUy4zKIdpHByMgJ5/Ko6QhtTUw==

"@esbuild/linux-mips64el@0.16.7":
  version "0.16.7"
  resolved "https://registry.yarnpkg.com/@esbuild/linux-mips64el/-/linux-mips64el-0.16.7.tgz#7c1c8f3de254b4e975ac2580bba187b87b959256"
  integrity sha512-hxzlXtWF6yWfkE/SMTscNiVqLOAn7fOuIF3q/kiZaXxftz1DhZW/HpnTmTTWrzrS7zJWQxHHT4QSxyAj33COmA==

"@esbuild/linux-ppc64@0.16.7":
  version "0.16.7"
  resolved "https://registry.yarnpkg.com/@esbuild/linux-ppc64/-/linux-ppc64-0.16.7.tgz#72a00c9788f3ca5df56ecec060d5b92f945c9a2d"
  integrity sha512-WM83Dac0LdXty5xPhlOuCD5Egfk1xLND/oRLYeB7Jb/tY4kzFSDgLlq91wYbHua/s03tQGA9iXvyjgymMw62Vw==

"@esbuild/linux-riscv64@0.16.7":
  version "0.16.7"
  resolved "https://registry.yarnpkg.com/@esbuild/linux-riscv64/-/linux-riscv64-0.16.7.tgz#545fd57e44dc3331a86956889f2a5b42bd116c9b"
  integrity sha512-3nkNnNg4Ax6MS/l8O8Ynq2lGEVJYyJ2EoY3PHjNJ4PuZ80EYLMrFTFZ4L/Hc16AxgtXKwmNP9TM0YKNiBzBiJQ==

"@esbuild/linux-s390x@0.16.7":
  version "0.16.7"
  resolved "https://registry.yarnpkg.com/@esbuild/linux-s390x/-/linux-s390x-0.16.7.tgz#a36fd4605904c49310616dd648c0c25a267a19c0"
  integrity sha512-3SA/2VJuv0o1uD7zuqxEP+RrAyRxnkGddq0bwHQ98v1KNlzXD/JvxwTO3T6GM5RH6JUd29RTVQTOJfyzMkkppA==

"@esbuild/linux-x64@0.16.7":
  version "0.16.7"
  resolved "https://registry.yarnpkg.com/@esbuild/linux-x64/-/linux-x64-0.16.7.tgz#104f3f8f3f25f1f26b70cee05470974861ca5a5e"
  integrity sha512-xi/tbqCqvPIzU+zJVyrpz12xqciTAPMi2fXEWGnapZymoGhuL2GIWIRXg4O2v5BXaYA5TSaiKYE14L0QhUTuQg==

"@esbuild/netbsd-x64@0.16.7":
  version "0.16.7"
  resolved "https://registry.yarnpkg.com/@esbuild/netbsd-x64/-/netbsd-x64-0.16.7.tgz#0fd59fea5e6b94ee82e81b3b389e561efe77b347"
  integrity sha512-NUsYbq3B+JdNKn8SXkItFvdes9qTwEoS3aLALtiWciW/ystiCKM20Fgv9XQBOXfhUHyh5CLEeZDXzLOrwBXuCQ==

"@esbuild/openbsd-x64@0.16.7":
  version "0.16.7"
  resolved "https://registry.yarnpkg.com/@esbuild/openbsd-x64/-/openbsd-x64-0.16.7.tgz#c04072a70f31be1bd47204955d2c71ca393c9eb4"
  integrity sha512-qjwzsgeve9I8Tbsko2FEkdSk2iiezuNGFgipQxY/736NePXDaDZRodIejYGWOlbYXugdxb0nif5yvypH6lKBmA==

"@esbuild/sunos-x64@0.16.7":
  version "0.16.7"
  resolved "https://registry.yarnpkg.com/@esbuild/sunos-x64/-/sunos-x64-0.16.7.tgz#11c4cd341be1de93cb5e3bf096f3b63ae1497626"
  integrity sha512-mFWDz4RoBTzPphTCkM7Kc7Qpa0o/Z01acajR+Ai7LdfKgcP/C6jYOaKwv7nKzD0+MjOT20j7You9g4ozYy1dKQ==

"@esbuild/win32-arm64@0.16.7":
  version "0.16.7"
  resolved "https://registry.yarnpkg.com/@esbuild/win32-arm64/-/win32-arm64-0.16.7.tgz#95091269394f16352e318124790a3906bf370141"
  integrity sha512-m39UmX19RvEIuC8sYZ0M+eQtdXw4IePDSZ78ZQmYyFaXY9krq4YzQCK2XWIJomNLtg4q+W5aXr8bW3AbqWNoVg==

"@esbuild/win32-ia32@0.16.7":
  version "0.16.7"
  resolved "https://registry.yarnpkg.com/@esbuild/win32-ia32/-/win32-ia32-0.16.7.tgz#2bda285a0b7084a93417472c460b0209bef0c39d"
  integrity sha512-1cbzSEZA1fANwmT6rjJ4G1qQXHxCxGIcNYFYR9ctI82/prT38lnwSRZ0i5p/MVXksw9eMlHlet6pGu2/qkXFCg==

"@esbuild/win32-x64@0.16.7":
  version "0.16.7"
  resolved "https://registry.yarnpkg.com/@esbuild/win32-x64/-/win32-x64-0.16.7.tgz#966ac3fc41758e6843cbd5844b2466bbdc34dada"
  integrity sha512-QaQ8IH0JLacfGf5cf0HCCPnQuCTd/dAI257vXBgb/cccKGbH/6pVtI1gwhdAQ0Y48QSpTIFrh9etVyNdZY+zzw==

"@formatjs/ecma402-abstract@1.14.3":
  version "1.14.3"
  resolved "https://registry.yarnpkg.com/@formatjs/ecma402-abstract/-/ecma402-abstract-1.14.3.tgz#6428f243538a11126180d121ce8d4b2f17465738"
  integrity sha512-SlsbRC/RX+/zg4AApWIFNDdkLtFbkq3LNoZWXZCE/nHVKqoIJyaoQyge/I0Y38vLxowUn9KTtXgusLD91+orbg==
  dependencies:
    "@formatjs/intl-localematcher" "0.2.32"
    tslib "^2.4.0"

"@formatjs/fast-memoize@1.2.7":
  version "1.2.7"
  resolved "https://registry.yarnpkg.com/@formatjs/fast-memoize/-/fast-memoize-1.2.7.tgz#90d5de031fc80e0027b2d4e8a3197b0df4a94457"
  integrity sha512-hPeM5LXUUjtCKPybWOUAWpv8lpja8Xz+uKprFPJcg5F2Rd+/bf1E0UUsLRpaAgOReAf5HMRtoIgv/UcyPICrTQ==
  dependencies:
    tslib "^2.4.0"

"@formatjs/icu-messageformat-parser@2.1.14":
  version "2.1.14"
  resolved "https://registry.yarnpkg.com/@formatjs/icu-messageformat-parser/-/icu-messageformat-parser-2.1.14.tgz#d7bc8c82bfce1eb8e3232e6d7e3d6ea92ba390cc"
  integrity sha512-0KqeVOb72losEhUW+59vhZGGd14s1f35uThfEMVKZHKLEObvJdFTiI3ZQwvTMUCzLEMxnS6mtnYPmG4mTvwd3Q==
  dependencies:
    "@formatjs/ecma402-abstract" "1.14.3"
    "@formatjs/icu-skeleton-parser" "1.3.18"
    tslib "^2.4.0"

"@formatjs/icu-skeleton-parser@1.3.18":
  version "1.3.18"
  resolved "https://registry.yarnpkg.com/@formatjs/icu-skeleton-parser/-/icu-skeleton-parser-1.3.18.tgz#7aed3d60e718c8ad6b0e64820be44daa1e29eeeb"
  integrity sha512-ND1ZkZfmLPcHjAH1sVpkpQxA+QYfOX3py3SjKWMUVGDow18gZ0WPqz3F+pJLYQMpS2LnnQ5zYR2jPVYTbRwMpg==
  dependencies:
    "@formatjs/ecma402-abstract" "1.14.3"
    tslib "^2.4.0"

"@formatjs/intl-localematcher@0.2.32":
  version "0.2.32"
  resolved "https://registry.yarnpkg.com/@formatjs/intl-localematcher/-/intl-localematcher-0.2.32.tgz#00d4d307cd7d514b298e15a11a369b86c8933ec1"
  integrity sha512-k/MEBstff4sttohyEpXxCmC3MqbUn9VvHGlZ8fauLzkbwXmVrEeyzS+4uhrvAk9DWU9/7otYWxyDox4nT/KVLQ==
  dependencies:
    tslib "^2.4.0"

"@hotwired/stimulus@^3.2.1":
  version "3.2.1"
  resolved "https://registry.yarnpkg.com/@hotwired/stimulus/-/stimulus-3.2.1.tgz#e3de23623b0c52c247aba4cd5d530d257008676b"
  integrity sha512-HGlzDcf9vv/EQrMJ5ZG6VWNs8Z/xMN+1o2OhV1gKiSG6CqZt5MCBB1gRg5ILiN3U0jEAxuDTNPRfBcnZBDmupQ==

"@hotwired/turbo-rails@^7.2.4":
  version "7.2.4"
  resolved "https://registry.yarnpkg.com/@hotwired/turbo-rails/-/turbo-rails-7.2.4.tgz#d155533e79c4ebdac23e8fe12697d821d5c06307"
  integrity sha512-givDUQqaccd19BvErz1Cf2j6MXF74m0G6I75oqFJGeXAa7vwkz9nDplefVNrALCR9Xi9j9gy32xmSI6wD0tZyA==
  dependencies:
    "@hotwired/turbo" "^7.2.4"
    "@rails/actioncable" "^7.0"

"@hotwired/turbo@^7.2.4":
  version "7.2.4"
  resolved "https://registry.yarnpkg.com/@hotwired/turbo/-/turbo-7.2.4.tgz#0d35541be32cfae3b4f78c6ab9138f5b21f28a21"
  integrity sha512-c3xlOroHp/cCZHDOuLp6uzQYEbvXBUVaal0puXoGJ9M8L/KHwZ3hQozD4dVeSN9msHWLxxtmPT1TlCN7gFhj4w==

"@internationalized/date@^3.0.1", "@internationalized/date@^3.0.2":
  version "3.0.2"
  resolved "https://registry.yarnpkg.com/@internationalized/date/-/date-3.0.2.tgz#1566a0bcbd82dce4dd54a5b26456bb701068cb89"
  integrity sha512-9V1IxesP6ASZj/hYyOXOC4yPJvidbbStyWQKLCQSqhhKACMOXoo+BddXZJy47ju9mqOMpWdrJ2rTx4yTxK9oag==
  dependencies:
    "@swc/helpers" "^0.4.14"

"@internationalized/message@^3.0.10", "@internationalized/message@^3.0.9":
  version "3.0.10"
  resolved "https://registry.yarnpkg.com/@internationalized/message/-/message-3.0.10.tgz#340dcfd14ace37234e09419427c991a0c466b96e"
  integrity sha512-vfLqEop/NH68IgqMcXJNSDqZ5Leg3EEgCxhuuSefU7vvdbptD3pwpUWXaK9igYPa+aZfUU0eqv86yqm76obtsw==
  dependencies:
    "@swc/helpers" "^0.4.14"
    intl-messageformat "^10.1.0"

"@internationalized/number@^3.1.1", "@internationalized/number@^3.1.2":
  version "3.1.2"
  resolved "https://registry.yarnpkg.com/@internationalized/number/-/number-3.1.2.tgz#4482a6ac573acfb18efd354a42008af20da6c89c"
  integrity sha512-Mbys8SGsn0ApXz3hJLNU+d95B8luoUbwnmCpBwl7d63UmYAlcT6TRDyvaS/vwdbElXLcsQJjQCu0gox2cv/Tig==
  dependencies:
    "@swc/helpers" "^0.4.14"

"@internationalized/string@^3.0.0", "@internationalized/string@^3.0.1":
  version "3.0.1"
  resolved "https://registry.yarnpkg.com/@internationalized/string/-/string-3.0.1.tgz#2c70a81ae5eb84f156f40330369c2469bad6d504"
  integrity sha512-2+rHfXZ56YgsC6i3fKvBue/xatnSm0Jv+C/x4+n3wg5xAcLh4LPW3GvZ/9ifxNAz9+IWplgZHa1FRIbSuUvNWg==
  dependencies:
    "@swc/helpers" "^0.4.14"

"@nextui-org/react@^1.0.0-beta.10":
  version "1.0.0-beta.10"
  resolved "https://registry.yarnpkg.com/@nextui-org/react/-/react-1.0.0-beta.10.tgz#c7e4cdb00d1aedb14ab33faaa025e1842a3f0214"
  integrity sha512-cxqsp4QXmKJoiDeoeEmayn3LUgRrHvOhmvfv8fm65CdWZI5Ro18DwBQrD+mdttlZ/OEaiYQXDPSP36p2DALdag==
  dependencies:
    "@babel/runtime" "^7.6.2"
    "@react-aria/button" "3.6.0"
    "@react-aria/checkbox" "3.5.0"
    "@react-aria/dialog" "3.3.0"
    "@react-aria/focus" "3.7.0"
    "@react-aria/i18n" "3.5.1"
    "@react-aria/interactions" "3.10.0"
    "@react-aria/label" "3.4.0"
    "@react-aria/link" "3.3.1"
    "@react-aria/menu" "3.6.0"
    "@react-aria/overlays" "3.10.0"
    "@react-aria/radio" "3.3.0"
    "@react-aria/ssr" "3.3.0"
    "@react-aria/table" "3.4.0"
    "@react-aria/utils" "3.13.2"
    "@react-aria/visually-hidden" "3.4.0"
    "@react-stately/checkbox" "3.2.0"
    "@react-stately/data" "3.6.0"
    "@react-stately/overlays" "3.4.0"
    "@react-stately/radio" "3.5.0"
    "@react-stately/table" "3.3.0"
    "@react-stately/toggle" "3.4.0"
    "@react-stately/tree" "3.3.2"
    "@react-types/button" "^3.6.0"
    "@react-types/checkbox" "3.3.2"
    "@react-types/grid" "3.1.2"
    "@react-types/menu" "3.7.0"
    "@react-types/overlays" "3.6.2"
    "@react-types/shared" "3.14.0"
    "@stitches/react" "1.2.8"

"@rails/actioncable@^7.0":
  version "7.0.4"
  resolved "https://registry.yarnpkg.com/@rails/actioncable/-/actioncable-7.0.4.tgz#70a3ca56809f7aaabb80af2f9c01ae51e1a8ed41"
  integrity sha512-tz4oM+Zn9CYsvtyicsa/AwzKZKL+ITHWkhiu7x+xF77clh2b4Rm+s6xnOgY/sGDWoFWZmtKsE95hxBPkgQQNnQ==

"@react-aria/button@3.6.0":
  version "3.6.0"
  resolved "https://registry.yarnpkg.com/@react-aria/button/-/button-3.6.0.tgz#ecd97d27929cdda272e2e6feddafab161a568c84"
  integrity sha512-+I+raFN5Kw85WzgmiIEQG0JhJ+WSCWJRSCgA0Nc4Wvjkm7gQSRvhSzSZiI7HQxz43h0MgFbuX/ruRn1WKPLsLg==
  dependencies:
    "@babel/runtime" "^7.6.2"
    "@react-aria/focus" "^3.7.0"
    "@react-aria/interactions" "^3.10.0"
    "@react-aria/utils" "^3.13.2"
    "@react-stately/toggle" "^3.4.0"
    "@react-types/button" "^3.6.0"
    "@react-types/shared" "^3.14.0"

"@react-aria/checkbox@3.5.0":
  version "3.5.0"
  resolved "https://registry.yarnpkg.com/@react-aria/checkbox/-/checkbox-3.5.0.tgz#2d99957cdaf95b13b958159134a4894c0c6e7f47"
  integrity sha512-U3SXfiVus/aF3S3v9aTPILRZBnUzHs5JJhile9CXIe1YoPam8u12s4G+aS55rrwoa3XLcnvZbPbwlShcc8bjaA==
  dependencies:
    "@babel/runtime" "^7.6.2"
    "@react-aria/label" "^3.4.0"
    "@react-aria/toggle" "^3.3.2"
    "@react-aria/utils" "^3.13.2"
    "@react-stately/checkbox" "^3.2.0"
    "@react-stately/toggle" "^3.4.0"
    "@react-types/checkbox" "^3.3.2"
    "@react-types/shared" "^3.14.0"

"@react-aria/dialog@3.3.0":
  version "3.3.0"
  resolved "https://registry.yarnpkg.com/@react-aria/dialog/-/dialog-3.3.0.tgz#7e355f99343c061d4b4d85c4bba1408bc8b675e0"
  integrity sha512-kzJLjIYIRpK+ASOpOSY56sE6l+rpmk4QvIqTjrqlynXdneGVgNVu3OxX37U73Zn53is7ivbT+TugCzHTgle0qg==
  dependencies:
    "@babel/runtime" "^7.6.2"
    "@react-aria/focus" "^3.7.0"
    "@react-aria/utils" "^3.13.2"
    "@react-stately/overlays" "^3.4.0"
    "@react-types/dialog" "^3.4.2"
    "@react-types/shared" "^3.14.0"

"@react-aria/focus@3.7.0":
  version "3.7.0"
  resolved "https://registry.yarnpkg.com/@react-aria/focus/-/focus-3.7.0.tgz#6a90dc99da64bd145e3eeacf3097a29a0342f709"
  integrity sha512-LydZSLBLEUklakM0Ogdk17F3f/Uwaj5Nl1mfcK8HhrroGT8A8XH0KjA9D6gM6JGHgxZemx0ufOgxhQZeBGQMQw==
  dependencies:
    "@babel/runtime" "^7.6.2"
    "@react-aria/interactions" "^3.10.0"
    "@react-aria/utils" "^3.13.2"
    "@react-types/shared" "^3.14.0"
    clsx "^1.1.1"

"@react-aria/focus@^3.10.1", "@react-aria/focus@^3.6.1", "@react-aria/focus@^3.7.0":
  version "3.10.1"
  resolved "https://registry.yarnpkg.com/@react-aria/focus/-/focus-3.10.1.tgz#624d02d2565151030a4156aeb17685d87f18ad58"
  integrity sha512-HjgFUC1CznuYC7CxtBIFML6bOBxW3M3cSNtvmXU9QWlrPSwwOLkXCnfY6+UkjCc5huP4v7co4PoRDX8Vbe/cVQ==
  dependencies:
    "@react-aria/interactions" "^3.13.1"
    "@react-aria/utils" "^3.14.2"
    "@react-types/shared" "^3.16.0"
    "@swc/helpers" "^0.4.14"
    clsx "^1.1.1"

"@react-aria/grid@^3.4.0":
  version "3.5.2"
  resolved "https://registry.yarnpkg.com/@react-aria/grid/-/grid-3.5.2.tgz#17454be19d4f53bde27fc4b676fa02dae4f3a85d"
  integrity sha512-+cDtTvTT0YF4jgy1pv0omcweub6z1N+GdkpHC6L6/jtH2gFRVns3IC6pf5ihLDIpLloylthaMMR8C3lus7035g==
  dependencies:
    "@react-aria/focus" "^3.10.1"
    "@react-aria/i18n" "^3.6.3"
    "@react-aria/interactions" "^3.13.1"
    "@react-aria/live-announcer" "^3.1.2"
    "@react-aria/selection" "^3.12.1"
    "@react-aria/utils" "^3.14.2"
    "@react-stately/grid" "^3.4.2"
    "@react-stately/selection" "^3.11.2"
    "@react-stately/virtualizer" "^3.4.1"
    "@react-types/checkbox" "^3.4.1"
    "@react-types/grid" "^3.1.5"
    "@react-types/shared" "^3.16.0"
    "@swc/helpers" "^0.4.14"

"@react-aria/i18n@3.5.1":
  version "3.5.1"
  resolved "https://registry.yarnpkg.com/@react-aria/i18n/-/i18n-3.5.1.tgz#aba5e50266a3f15c195b8dc85682251af5c52211"
  integrity sha512-PtlQ/W1PXVKzCGK86MuGuCzYBwENDBjrQ2a4ux+BBQ2Dk8ZXEARSp9JaMFuOdiloXc/p4FoxCVoB+lhu4RCScg==
  dependencies:
    "@babel/runtime" "^7.6.2"
    "@internationalized/date" "^3.0.1"
    "@internationalized/message" "^3.0.9"
    "@internationalized/number" "^3.1.1"
    "@internationalized/string" "^3.0.0"
    "@react-aria/ssr" "^3.3.0"
    "@react-aria/utils" "^3.13.2"
    "@react-types/shared" "^3.14.0"

"@react-aria/i18n@^3.5.0", "@react-aria/i18n@^3.6.3":
  version "3.6.3"
  resolved "https://registry.yarnpkg.com/@react-aria/i18n/-/i18n-3.6.3.tgz#2b4d72d0baf07b514d2c35eb6ac356d0247ea84a"
  integrity sha512-cDWl8FXJIXsw/raWcThywBueCJ5ncoogq81wYVS6hfZVmSyncONIB3bwUL12cojmjX1VEP31sN0ujT/83QP95Q==
  dependencies:
    "@internationalized/date" "^3.0.2"
    "@internationalized/message" "^3.0.10"
    "@internationalized/number" "^3.1.2"
    "@internationalized/string" "^3.0.1"
    "@react-aria/ssr" "^3.4.1"
    "@react-aria/utils" "^3.14.2"
    "@react-types/shared" "^3.16.0"
    "@swc/helpers" "^0.4.14"

"@react-aria/interactions@3.10.0":
  version "3.10.0"
  resolved "https://registry.yarnpkg.com/@react-aria/interactions/-/interactions-3.10.0.tgz#d60cc42c3904c1578f9c356fba4bab7003102dee"
  integrity sha512-Lp74VfF+EskT3IqK2MBMdJpJU48p60+YkMbgtoDF6LudNO8jw0nxcsvnimPriTSkZWINRpajG/9sIa0EIDcQKw==
  dependencies:
    "@babel/runtime" "^7.6.2"
    "@react-aria/utils" "^3.13.2"
    "@react-types/shared" "^3.14.0"

"@react-aria/interactions@^3.10.0", "@react-aria/interactions@^3.13.1", "@react-aria/interactions@^3.9.1":
  version "3.13.1"
  resolved "https://registry.yarnpkg.com/@react-aria/interactions/-/interactions-3.13.1.tgz#75e102c50a5c1d002cad4ee8d59677aee226186b"
  integrity sha512-WCvfZOi1hhussVTHxVq76OR48ry13Zvp9U5hmuQufyxIUlf4hOvDk4/cbK4o4JiCs8X7C7SRzcwFM34M4NHzmg==
  dependencies:
    "@react-aria/utils" "^3.14.2"
    "@react-types/shared" "^3.16.0"
    "@swc/helpers" "^0.4.14"

"@react-aria/label@3.4.0":
  version "3.4.0"
  resolved "https://registry.yarnpkg.com/@react-aria/label/-/label-3.4.0.tgz#81bf096bd28990d54e6db1ca9294391b7ed0d064"
  integrity sha512-QqyZMuSdnH+7mkAbZbGtLU3NhSz2luNCeM+ZJPQ3ANegrdXsKwERSwD2/ERHAC5FGLqwlzXnPhRcYdvjafg/Ug==
  dependencies:
    "@babel/runtime" "^7.6.2"
    "@react-aria/utils" "^3.13.2"
    "@react-types/label" "^3.6.2"
    "@react-types/shared" "^3.14.0"

"@react-aria/label@^3.4.0":
  version "3.4.4"
  resolved "https://registry.yarnpkg.com/@react-aria/label/-/label-3.4.4.tgz#b891d3cebeeffc7a1413a492d8a694083dc3253e"
  integrity sha512-1fuYf2UctNhBy31uYN7OhdcrwzlB5GS0+C49gDkwWzccB7yr+CoOJ5UQUoVB7WBmzrc+CuzwWxSDd4OupSYIZQ==
  dependencies:
    "@react-aria/utils" "^3.14.2"
    "@react-types/label" "^3.7.1"
    "@react-types/shared" "^3.16.0"
    "@swc/helpers" "^0.4.14"

"@react-aria/link@3.3.1":
  version "3.3.1"
  resolved "https://registry.yarnpkg.com/@react-aria/link/-/link-3.3.1.tgz#92ba89f1f30b06b4aa84db05f2058bcddd862b47"
  integrity sha512-so77s4IjZo8VGi85v6oDUzsQRoAwQH4LUUUpDLbKxEb5YaiN4/3yCVibeZrWzIzOTCOyLMXPbGwxHOUsl8EhVg==
  dependencies:
    "@babel/runtime" "^7.6.2"
    "@react-aria/focus" "^3.6.1"
    "@react-aria/interactions" "^3.9.1"
    "@react-aria/utils" "^3.13.1"
    "@react-types/link" "^3.3.1"
    "@react-types/shared" "^3.13.1"

"@react-aria/live-announcer@^3.1.1", "@react-aria/live-announcer@^3.1.2":
  version "3.1.2"
  resolved "https://registry.yarnpkg.com/@react-aria/live-announcer/-/live-announcer-3.1.2.tgz#a492c7ec1e664c8f41a572368cdbc53e22241a0c"
  integrity sha512-BqtVLPWU10sZssoOJF1lJiRvZe5zqZ5BM39PsFyO7dWhVkR/9O9bZviqvKXnC1oXCnypfa+85gUshbK9unFcWA==
  dependencies:
    "@swc/helpers" "^0.4.14"

"@react-aria/menu@3.6.0":
  version "3.6.0"
  resolved "https://registry.yarnpkg.com/@react-aria/menu/-/menu-3.6.0.tgz#2276247eea3588bbafbe7965b3b600067f7522bc"
  integrity sha512-s083I10XG/K06V7wOF+VYGgUwg6ZwlmsmLlrXyFRzCVK6LXimNNC/mOeSZet6m4R4H1svtH+US/v+/eD6pkdUQ==
  dependencies:
    "@babel/runtime" "^7.6.2"
    "@react-aria/i18n" "^3.5.0"
    "@react-aria/interactions" "^3.10.0"
    "@react-aria/overlays" "^3.10.0"
    "@react-aria/selection" "^3.10.0"
    "@react-aria/utils" "^3.13.2"
    "@react-stately/collections" "^3.4.2"
    "@react-stately/menu" "^3.4.0"
    "@react-stately/tree" "^3.3.2"
    "@react-types/button" "^3.6.0"
    "@react-types/menu" "^3.7.0"
    "@react-types/shared" "^3.14.0"

"@react-aria/overlays@3.10.0":
  version "3.10.0"
  resolved "https://registry.yarnpkg.com/@react-aria/overlays/-/overlays-3.10.0.tgz#e702961d178992b9c25db808edd1646efa1d00ec"
  integrity sha512-A7aI59/o4tUAISjyyRfJz3833SLe4ZKPNoxOVUzgjfkfnCKq7YDSSEC5poxDqYD9bq/NBXK6stdgaGLXQSirNw==
  dependencies:
    "@babel/runtime" "^7.6.2"
    "@react-aria/i18n" "^3.5.0"
    "@react-aria/interactions" "^3.10.0"
    "@react-aria/ssr" "^3.3.0"
    "@react-aria/utils" "^3.13.2"
    "@react-aria/visually-hidden" "^3.4.0"
    "@react-stately/overlays" "^3.4.0"
    "@react-types/button" "^3.6.0"
    "@react-types/overlays" "^3.6.2"
    "@react-types/shared" "^3.14.0"

"@react-aria/overlays@^3.10.0":
  version "3.12.1"
  resolved "https://registry.yarnpkg.com/@react-aria/overlays/-/overlays-3.12.1.tgz#429fe33b0da7b920334f241c688d73dc9a750a28"
  integrity sha512-OSgSopk2uQI5unvC3+fUyngbRFFe4GnF0iopCmrsI7qSQEusJUd4M2SuPVXUBBwWFt5TsiH7TnxmIPWeh5LSoA==
  dependencies:
    "@react-aria/focus" "^3.10.1"
    "@react-aria/i18n" "^3.6.3"
    "@react-aria/interactions" "^3.13.1"
    "@react-aria/ssr" "^3.4.1"
    "@react-aria/utils" "^3.14.2"
    "@react-aria/visually-hidden" "^3.6.1"
    "@react-stately/overlays" "^3.4.4"
    "@react-types/button" "^3.7.0"
    "@react-types/overlays" "^3.6.5"
    "@react-types/shared" "^3.16.0"
    "@swc/helpers" "^0.4.14"

"@react-aria/radio@3.3.0":
  version "3.3.0"
  resolved "https://registry.yarnpkg.com/@react-aria/radio/-/radio-3.3.0.tgz#0528c2dc2b658def336ad1f74fa643b9c482b806"
  integrity sha512-UhPxFVYKaPI8a9bF6XOl5Q7lbgW7YlrLTHnjOhxiUWvyyOsOnseiSgF9TqSfhhsF7HNYdOt1u3Xwx3vrHniCBg==
  dependencies:
    "@babel/runtime" "^7.6.2"
    "@react-aria/focus" "^3.7.0"
    "@react-aria/i18n" "^3.5.0"
    "@react-aria/interactions" "^3.10.0"
    "@react-aria/label" "^3.4.0"
    "@react-aria/utils" "^3.13.2"
    "@react-stately/radio" "^3.5.0"
    "@react-types/radio" "^3.2.2"
    "@react-types/shared" "^3.14.0"

"@react-aria/selection@^3.10.0", "@react-aria/selection@^3.12.1":
  version "3.12.1"
  resolved "https://registry.yarnpkg.com/@react-aria/selection/-/selection-3.12.1.tgz#a21ea85952c55b5a7ce8c846478226fe3d03f1f8"
  integrity sha512-UX1vSY+iUdHe0itFZIOizX1BCI8SAeFnEh5VIQ1bYRt93+kAxeC914fsxFPPgrodJyqWRCX1dblPyRUIWAzQiw==
  dependencies:
    "@react-aria/focus" "^3.10.1"
    "@react-aria/i18n" "^3.6.3"
    "@react-aria/interactions" "^3.13.1"
    "@react-aria/utils" "^3.14.2"
    "@react-stately/collections" "^3.5.1"
    "@react-stately/selection" "^3.11.2"
    "@react-types/shared" "^3.16.0"
    "@swc/helpers" "^0.4.14"

"@react-aria/ssr@3.3.0":
  version "3.3.0"
  resolved "https://registry.yarnpkg.com/@react-aria/ssr/-/ssr-3.3.0.tgz#25e81daf0c7a270a4a891159d8d984578e4512d8"
  integrity sha512-yNqUDuOVZIUGP81R87BJVi/ZUZp/nYOBXbPsRe7oltJOfErQZD+UezMpw4vM2KRz18cURffvmC8tJ6JTeyDtaQ==
  dependencies:
    "@babel/runtime" "^7.6.2"

"@react-aria/ssr@^3.3.0", "@react-aria/ssr@^3.4.1":
  version "3.4.1"
  resolved "https://registry.yarnpkg.com/@react-aria/ssr/-/ssr-3.4.1.tgz#79e8bb621487e8f52890c917d3c734f448ba95e7"
  integrity sha512-NmhoilMDyIfQiOSdQgxpVH2tC2u85Y0mVijtBNbI9kcDYLEiW/r6vKYVKtkyU+C4qobXhGMPfZ70PTc0lysSVA==
  dependencies:
    "@swc/helpers" "^0.4.14"

"@react-aria/table@3.4.0":
  version "3.4.0"
  resolved "https://registry.yarnpkg.com/@react-aria/table/-/table-3.4.0.tgz#e4a71139bc96285625d2d8de2d6adc1103e66305"
  integrity sha512-a3yYKRtadGzMrOJlGy2AGf2w2baESYgM2hZnB4YupBrcKJ/91BMpAbpAMolCI02av+Tz0BtAKh0kSs7nEsiiuA==
  dependencies:
    "@babel/runtime" "^7.6.2"
    "@react-aria/focus" "^3.7.0"
    "@react-aria/grid" "^3.4.0"
    "@react-aria/i18n" "^3.5.0"
    "@react-aria/interactions" "^3.10.0"
    "@react-aria/live-announcer" "^3.1.1"
    "@react-aria/selection" "^3.10.0"
    "@react-aria/utils" "^3.13.2"
    "@react-stately/table" "^3.3.0"
    "@react-stately/virtualizer" "^3.2.2"
    "@react-types/checkbox" "^3.3.2"
    "@react-types/grid" "^3.1.2"
    "@react-types/shared" "^3.14.0"
    "@react-types/table" "^3.3.0"

"@react-aria/toggle@^3.3.2":
  version "3.4.2"
  resolved "https://registry.yarnpkg.com/@react-aria/toggle/-/toggle-3.4.2.tgz#1c57539a26722219979c80dcebfbd0701c518789"
  integrity sha512-xokCGf0fn96mOMqQku5QW672iQoMsN9RMpFbKvvgg2seceh8ifblyAXElWf/6YmluOZSgUSZljDkFrbMMYlzVA==
  dependencies:
    "@react-aria/focus" "^3.10.1"
    "@react-aria/interactions" "^3.13.1"
    "@react-aria/utils" "^3.14.2"
    "@react-stately/toggle" "^3.4.4"
    "@react-types/checkbox" "^3.4.1"
    "@react-types/shared" "^3.16.0"
    "@react-types/switch" "^3.2.5"
    "@swc/helpers" "^0.4.14"

"@react-aria/utils@3.13.2":
  version "3.13.2"
  resolved "https://registry.yarnpkg.com/@react-aria/utils/-/utils-3.13.2.tgz#c28bc96e940a8a84c3e69a19f483c9f060584580"
  integrity sha512-VTI8tv9m/BxE/lPTNCZN1fcHuY540xm+HT1vg2ZQCryudUWvzQkHi+h0z32DhiGHhvRFIGdH/enf3psip7ZLTQ==
  dependencies:
    "@babel/runtime" "^7.6.2"
    "@react-aria/ssr" "^3.3.0"
    "@react-stately/utils" "^3.5.1"
    "@react-types/shared" "^3.14.0"
    clsx "^1.1.1"

"@react-aria/utils@^3.13.1", "@react-aria/utils@^3.13.2", "@react-aria/utils@^3.14.2":
  version "3.14.2"
  resolved "https://registry.yarnpkg.com/@react-aria/utils/-/utils-3.14.2.tgz#3a8d0d14abab4bb1095e101ee44dc5e3e43e6217"
  integrity sha512-3nr5gsAf/J/W+6Tu4NF3Q7m+1mXjfpXESh7TPa6UR6v3tVDTsJVMrITg2BkHN1jM8xELcl2ZxyUffOWqOXzWuA==
  dependencies:
    "@react-aria/ssr" "^3.4.1"
    "@react-stately/utils" "^3.5.2"
    "@react-types/shared" "^3.16.0"
    "@swc/helpers" "^0.4.14"
    clsx "^1.1.1"

"@react-aria/visually-hidden@3.4.0":
  version "3.4.0"
  resolved "https://registry.yarnpkg.com/@react-aria/visually-hidden/-/visually-hidden-3.4.0.tgz#9422ba67296969b5eae3e8e8839ba50e8acc0990"
  integrity sha512-mRl4Vfg7F0ohf7N3RWdOQLUnXC4ApM3hsfBegsRQHDkbbrcq7MGPyCa154kIZg8Ff2cOtbgvrAlymzWmkOVZEQ==
  dependencies:
    "@babel/runtime" "^7.6.2"
    "@react-aria/interactions" "^3.10.0"
    "@react-aria/utils" "^3.13.2"
    "@react-types/shared" "^3.14.0"
    clsx "^1.1.1"

"@react-aria/visually-hidden@^3.4.0", "@react-aria/visually-hidden@^3.6.1":
  version "3.6.1"
  resolved "https://registry.yarnpkg.com/@react-aria/visually-hidden/-/visually-hidden-3.6.1.tgz#b0a94b1531b9a8942d0d9a5cc6ed88109b8f5487"
  integrity sha512-7rUbiaIiR1nok9HAHPn/WcyQlvuldUqxnvh81V4dlI3NtXOgMw7/QaNc5Xo5FFWlsSVpbyK3UVJgzIui0Ns0Xg==
  dependencies:
    "@react-aria/interactions" "^3.13.1"
    "@react-aria/utils" "^3.14.2"
    "@react-types/shared" "^3.16.0"
    "@swc/helpers" "^0.4.14"
    clsx "^1.1.1"

"@react-stately/checkbox@3.2.0":
  version "3.2.0"
  resolved "https://registry.yarnpkg.com/@react-stately/checkbox/-/checkbox-3.2.0.tgz#6c718441a6c1058c75c243a5712d2dc32d93392c"
  integrity sha512-nVO/asz7MTF5nLJcMMq5KgNlk4npckq+7nQvEVW6pyob5r2m7Lvd+Zhl4oKT0WtTIzg31VB6yRew1czKx/SUpA==
  dependencies:
    "@babel/runtime" "^7.6.2"
    "@react-stately/toggle" "^3.4.0"
    "@react-stately/utils" "^3.5.1"
    "@react-types/checkbox" "^3.3.2"

"@react-stately/checkbox@^3.2.0":
  version "3.3.2"
  resolved "https://registry.yarnpkg.com/@react-stately/checkbox/-/checkbox-3.3.2.tgz#fd81866a7624c79cab2ec2c32234f164205a85e8"
  integrity sha512-eU3zvWgQrcqS8UK8ZVkb3fMP816PeuN9N0/dOJKuOXXhkoLPuxtuja1oEqKU3sFMa5+bx3czZhhNIRpr60NAdw==
  dependencies:
    "@react-stately/toggle" "^3.4.4"
    "@react-stately/utils" "^3.5.2"
    "@react-types/checkbox" "^3.4.1"
    "@react-types/shared" "^3.16.0"
    "@swc/helpers" "^0.4.14"

"@react-stately/collections@^3.4.2", "@react-stately/collections@^3.5.1":
  version "3.5.1"
  resolved "https://registry.yarnpkg.com/@react-stately/collections/-/collections-3.5.1.tgz#502a56658e4859aa7d31bd4b9189879b5b5a0255"
  integrity sha512-egzVrZC5eFc5RJBpqUkzxd2aJOHZ2T1o7horEi8tAWZkg4YI+AmKrqela4ijVrrB9l1GO9z06qPT1UoPkFrC1w==
  dependencies:
    "@react-types/shared" "^3.16.0"
    "@swc/helpers" "^0.4.14"

"@react-stately/data@3.6.0":
  version "3.6.0"
  resolved "https://registry.yarnpkg.com/@react-stately/data/-/data-3.6.0.tgz#6af1cb81940e7ec3c8ef93b07fb968617a2951bb"
  integrity sha512-psuc5nziuPWYdxIFhXEt9DBT+cuhOCyGPz8cOP5RuWFfSM4r583M0SYrsi5YXCvUwhZEFFQNbapxJFfMpAHPtw==
  dependencies:
    "@babel/runtime" "^7.6.2"
    "@react-types/shared" "^3.14.0"

"@react-stately/grid@^3.3.0", "@react-stately/grid@^3.4.2":
  version "3.4.2"
  resolved "https://registry.yarnpkg.com/@react-stately/grid/-/grid-3.4.2.tgz#d7d1a4ed4b5bb431b5e5429f8f557cf7d88a7ae8"
  integrity sha512-NeIUykQeA7Hen+dV4771ARW5SRrHYNn5VTOsQwn3KBUd2Z2gZ01OwUl3gETl5u0e3/tzMUdJ1LUoSPhDMwcmKw==
  dependencies:
    "@react-stately/selection" "^3.11.2"
    "@react-types/grid" "^3.1.5"
    "@react-types/shared" "^3.16.0"
    "@swc/helpers" "^0.4.14"

"@react-stately/menu@^3.4.0":
  version "3.4.4"
  resolved "https://registry.yarnpkg.com/@react-stately/menu/-/menu-3.4.4.tgz#222ffd283691f1c4137a85ff0484b98a4385b099"
  integrity sha512-WKak1NSV9yDY0tDB4mzsbj0FboTtR06gekio0VmKb1+FmnrC07mef8eGKUn974F0WhTNUy5A1iI5eM0W2YNynA==
  dependencies:
    "@react-stately/overlays" "^3.4.4"
    "@react-stately/utils" "^3.5.2"
    "@react-types/menu" "^3.7.3"
    "@react-types/shared" "^3.16.0"
    "@swc/helpers" "^0.4.14"

"@react-stately/overlays@3.4.0":
  version "3.4.0"
  resolved "https://registry.yarnpkg.com/@react-stately/overlays/-/overlays-3.4.0.tgz#4023d0c7cd48363fe046e5b6084d703ac461c907"
  integrity sha512-jXVm1V91lWOKh73cFvE9W9JtAE8idSWEUtFlVrlBI/jh0ZOt148UlRVWgHrm7FhaUpyvOFNUyfidRmKMuB+hgw==
  dependencies:
    "@babel/runtime" "^7.6.2"
    "@react-stately/utils" "^3.5.1"
    "@react-types/overlays" "^3.6.2"

"@react-stately/overlays@^3.4.0", "@react-stately/overlays@^3.4.4":
  version "3.4.4"
  resolved "https://registry.yarnpkg.com/@react-stately/overlays/-/overlays-3.4.4.tgz#a228a230f46f0d593ffb7bc8f836439bbc08e9ed"
  integrity sha512-IIlx+VXtXS4snDXrocUOls8QZ5XBQ4SNonaz1ox8/5W7Nsvq4VtdKsIaXsUP4agOudswaimlpj3pTDO/KuF5tQ==
  dependencies:
    "@react-stately/utils" "^3.5.2"
    "@react-types/overlays" "^3.6.5"
    "@swc/helpers" "^0.4.14"

"@react-stately/radio@3.5.0":
  version "3.5.0"
  resolved "https://registry.yarnpkg.com/@react-stately/radio/-/radio-3.5.0.tgz#7b7d3dd4a14aaed324ea29ac2be5ca0fe1d44d79"
  integrity sha512-qn4+wa9sf3zZXSLrrR9rQpOII8BEQeAkvxyq/YhUQXBpQ8SoF5LobpGIZqp3n8G+Cxzjxd6/GON+lOFxWr0iXA==
  dependencies:
    "@babel/runtime" "^7.6.2"
    "@react-stately/utils" "^3.5.1"
    "@react-types/radio" "^3.2.2"

"@react-stately/radio@^3.5.0":
  version "3.6.2"
  resolved "https://registry.yarnpkg.com/@react-stately/radio/-/radio-3.6.2.tgz#6a13e3f97d130fccc1b404673cbe1414ac018621"
  integrity sha512-qjbebR0YSkdEocLsPSzNnCsUYllWY938/5Z8mETxk4+74PJLxC3z0qjqVRq+aDO8hOgIfqSgrRRp3cJz9vIsBg==
  dependencies:
    "@react-stately/utils" "^3.5.2"
    "@react-types/radio" "^3.3.1"
    "@react-types/shared" "^3.16.0"
    "@swc/helpers" "^0.4.14"

"@react-stately/selection@^3.10.2", "@react-stately/selection@^3.11.2":
  version "3.11.2"
  resolved "https://registry.yarnpkg.com/@react-stately/selection/-/selection-3.11.2.tgz#15c35dfb386e5218b8106070137a8b3ecded5a8b"
  integrity sha512-g21Y36xhYkXO3yzz0BYSBqnD38olvEwsJUqBXGZfx//bshMC2FNmI5sRYMAi36stxWbwzBvB01OytxfLLxCXCA==
  dependencies:
    "@react-stately/collections" "^3.5.1"
    "@react-stately/utils" "^3.5.2"
    "@react-types/shared" "^3.16.0"
    "@swc/helpers" "^0.4.14"

"@react-stately/table@3.3.0":
  version "3.3.0"
  resolved "https://registry.yarnpkg.com/@react-stately/table/-/table-3.3.0.tgz#87f2b69e323e5f805705d6a722b6ef3d6389319c"
  integrity sha512-qhZdgyD0EyePW/U/VlJCGLBNuzo2H1hQSgfRJ7+E5QVbqDwUUQ6Safz1EQ3Jhh64IcTDqxvKL3arr8THT7UKdA==
  dependencies:
    "@babel/runtime" "^7.6.2"
    "@react-stately/collections" "^3.4.2"
    "@react-stately/grid" "^3.3.0"
    "@react-stately/selection" "^3.10.2"
    "@react-types/grid" "^3.1.2"
    "@react-types/shared" "^3.14.0"
    "@react-types/table" "^3.3.0"

"@react-stately/table@^3.3.0":
  version "3.7.0"
  resolved "https://registry.yarnpkg.com/@react-stately/table/-/table-3.7.0.tgz#fbb50081805c391d43de8ca4153bcd89edb82368"
  integrity sha512-oPvMEabRUD4LSJ/NZsal3TT2YjoRmpEK8t2pqG20+Vapxy5tC6QKEZQvrDxJwF4Z8fqQnX/GvnqmfypvqWDUSA==
  dependencies:
    "@react-stately/collections" "^3.5.1"
    "@react-stately/grid" "^3.4.2"
    "@react-stately/selection" "^3.11.2"
    "@react-types/grid" "^3.1.5"
    "@react-types/shared" "^3.16.0"
    "@react-types/table" "^3.4.0"
    "@swc/helpers" "^0.4.14"

"@react-stately/toggle@3.4.0":
  version "3.4.0"
  resolved "https://registry.yarnpkg.com/@react-stately/toggle/-/toggle-3.4.0.tgz#42bb0dc226f90eb70f9e87dcbe08df9e45324255"
  integrity sha512-7kPxR2+Aze7NmpWWOQanRsQvmz7R+Sdlu+2xi0Wh5LPFg+lkXSiGY63uM2amxZcbFb0Mhy5ExlRpF53ReZjEOA==
  dependencies:
    "@babel/runtime" "^7.6.2"
    "@react-stately/utils" "^3.5.1"
    "@react-types/checkbox" "^3.3.2"
    "@react-types/shared" "^3.14.0"

"@react-stately/toggle@^3.4.0", "@react-stately/toggle@^3.4.4":
  version "3.4.4"
  resolved "https://registry.yarnpkg.com/@react-stately/toggle/-/toggle-3.4.4.tgz#b7825bf900725dcee0444fe6132b06948be36b44"
  integrity sha512-OwVJpd2M7P7fekTWpl3TUdD3Brq+Z/xElOCJYP5QuVytXCa5seKsk40YPld8JQnA5dRKojpbUxMDOJpb6hOOfw==
  dependencies:
    "@react-stately/utils" "^3.5.2"
    "@react-types/checkbox" "^3.4.1"
    "@react-types/shared" "^3.16.0"
    "@swc/helpers" "^0.4.14"

"@react-stately/tree@3.3.2":
  version "3.3.2"
  resolved "https://registry.yarnpkg.com/@react-stately/tree/-/tree-3.3.2.tgz#db1e98fa074c89cfd63b4d260de025fef285e520"
  integrity sha512-goviIXFYZvWJ2FOBQdKHfLwCaFUlhyGCsbX9GB7ziZhm0Ez8iWCzEy1IWoeuPaprBlHIPv6/3XtDi4ZQ52A59g==
  dependencies:
    "@babel/runtime" "^7.6.2"
    "@react-stately/collections" "^3.4.2"
    "@react-stately/selection" "^3.10.2"
    "@react-stately/utils" "^3.5.1"
    "@react-types/shared" "^3.14.0"

"@react-stately/tree@^3.3.2":
  version "3.4.1"
  resolved "https://registry.yarnpkg.com/@react-stately/tree/-/tree-3.4.1.tgz#bb267784000b22c7c1aa6415103ad1b9f3566677"
  integrity sha512-kIXeJOHgGGaUFnAD2wyRIiOwOw/+PN1OXo46n8+dPTFIYwR4+IWFNG8OMjVlIiSLPYWMCzzxZBE9a5grmbmNWQ==
  dependencies:
    "@react-stately/collections" "^3.5.1"
    "@react-stately/selection" "^3.11.2"
    "@react-stately/utils" "^3.5.2"
    "@react-types/shared" "^3.16.0"
    "@swc/helpers" "^0.4.14"

"@react-stately/utils@^3.5.1", "@react-stately/utils@^3.5.2":
  version "3.5.2"
  resolved "https://registry.yarnpkg.com/@react-stately/utils/-/utils-3.5.2.tgz#9b5f3bb9ad500bf9c5b636a42988dba60a221669"
  integrity sha512-639gSKqamPHIEPaApb9ahVJS0HgAqNdVF3tQRoh+Ky6759Mbk6i3HqG4zk4IGQ1tVlYSYZvCckwehF7b2zndMg==
  dependencies:
    "@swc/helpers" "^0.4.14"

"@react-stately/virtualizer@^3.2.2", "@react-stately/virtualizer@^3.4.1":
  version "3.4.1"
  resolved "https://registry.yarnpkg.com/@react-stately/virtualizer/-/virtualizer-3.4.1.tgz#00c7b36b989244cf985b9ad5fb13dc1ecbb81a0f"
  integrity sha512-2S7GARkZl41X7fN0Xa94TkN8ELAUbA89zn1xH59d02NOvAKLAFXHkCe69AivvVvbhXo8/nONzO8NXqqgBS/XQw==
  dependencies:
    "@react-aria/utils" "^3.14.2"
    "@react-types/shared" "^3.16.0"
    "@swc/helpers" "^0.4.14"

"@react-types/button@^3.6.0", "@react-types/button@^3.7.0":
  version "3.7.0"
  resolved "https://registry.yarnpkg.com/@react-types/button/-/button-3.7.0.tgz#774c043d8090a505e60fdf26f026d5f0cc968f0f"
  integrity sha512-81BQO3QxSgF9PTXsVozNdNCKxBOB1lpbCWocV99dN1ws9s8uaYw8pmJJZ0LJKLiOsIECQ/3QrhQjmWTDW/qTug==
  dependencies:
    "@react-types/shared" "^3.16.0"

"@react-types/checkbox@3.3.2":
  version "3.3.2"
  resolved "https://registry.yarnpkg.com/@react-types/checkbox/-/checkbox-3.3.2.tgz#513442cb2e73a4d8c8ad14021c424612e98e7cd7"
  integrity sha512-s1bgqL4qfEMEasePayukZ6pzpIzfAG1OuVmpARz0kVdVaN7e+B4+dRJ0nDtiQf/TjNLg45ZlG3NTXJ1hsZPelQ==
  dependencies:
    "@react-types/shared" "^3.14.0"

"@react-types/checkbox@^3.3.2", "@react-types/checkbox@^3.4.1":
  version "3.4.1"
  resolved "https://registry.yarnpkg.com/@react-types/checkbox/-/checkbox-3.4.1.tgz#75a78b3f21f4cc72d2382761ba4c326aefd699db"
  integrity sha512-kDMpy9SntjGQ7x00m5zmW8GENPouOtyiDgiEDKsPXUr2iYqHsNtricqVyG9S9+6hqpzuu8BzTcvZamc/xYjzlg==
  dependencies:
    "@react-types/shared" "^3.16.0"

"@react-types/dialog@^3.4.2":
  version "3.4.5"
  resolved "https://registry.yarnpkg.com/@react-types/dialog/-/dialog-3.4.5.tgz#a12c4e6d69dd7f098eb8b1534107ae6d970f734b"
  integrity sha512-FkxZAYNRWkZVH5rjlw6qyQ/SpoGcYtNI/JQvn1H/xtZy/OJh2b2ERxGWv5x0RItGSeyATdSwFO1Qnf1Kl2K02A==
  dependencies:
    "@react-types/overlays" "^3.6.5"
    "@react-types/shared" "^3.16.0"

"@react-types/grid@3.1.2":
  version "3.1.2"
  resolved "https://registry.yarnpkg.com/@react-types/grid/-/grid-3.1.2.tgz#dee9c9c07dcd3dbc0f008f95a665b2bd51081c89"
  integrity sha512-9mKhtBZiGlok1APRSR+hTKYFgx8XxRBBLG20/xPI1C8xCGNZvOz7CmK57LmlwYsN1BLo3S2vLOd6+M1qrw2yVg==
  dependencies:
    "@react-types/shared" "^3.14.0"

"@react-types/grid@^3.1.2", "@react-types/grid@^3.1.5":
  version "3.1.5"
  resolved "https://registry.yarnpkg.com/@react-types/grid/-/grid-3.1.5.tgz#b0efef48202b40aa05913f1fe5b05d80e7d26c15"
  integrity sha512-KiEywsOJ+wdzLmJerAKEMADdvdItaLfhdo3bFfn1lgNUaKiNDJctDYWlhOYsRePf7MIrzoZuXEFnJj45jfpiOQ==
  dependencies:
    "@react-types/shared" "^3.16.0"

"@react-types/label@^3.6.2", "@react-types/label@^3.7.1":
  version "3.7.1"
  resolved "https://registry.yarnpkg.com/@react-types/label/-/label-3.7.1.tgz#ad4d3d7a6b5ea6aca70f89661d7c358cf2ab5f94"
  integrity sha512-wFpdtjSDBWO4xQQGF57V3PqvVVyE9TPj9ELWLs1yzL09fpXosycuEl5d79RywVlC9aF9dQYUfES09q/DZhRhMQ==
  dependencies:
    "@react-types/shared" "^3.16.0"

"@react-types/link@^3.3.1":
  version "3.3.6"
  resolved "https://registry.yarnpkg.com/@react-types/link/-/link-3.3.6.tgz#74ff1602c7aba38d3200f0d597a04e1f94989e25"
  integrity sha512-HMFd94CW8WrHbwXeTtCP/WOZmGugrEkN8f16R0i7T9xlTumk5GxubDMjA41ND/ehH72Xq7lP9VX8qezHWCGSoQ==
  dependencies:
    "@react-aria/interactions" "^3.13.1"
    "@react-types/shared" "^3.16.0"

"@react-types/menu@3.7.0":
  version "3.7.0"
  resolved "https://registry.yarnpkg.com/@react-types/menu/-/menu-3.7.0.tgz#632422d6024a36ab7920c1fceb064900d9f5a762"
  integrity sha512-1kEyyb0tERlPdZ67lsC2fMZ2TTh0OdS1hcb01PrSkGna/S+H/Q9M65Xc+q9eu7QoC4+DN4Flh/7vNRT82kVlHg==
  dependencies:
    "@react-types/overlays" "^3.6.2"
    "@react-types/shared" "^3.14.0"

"@react-types/menu@^3.7.0", "@react-types/menu@^3.7.3":
  version "3.7.3"
  resolved "https://registry.yarnpkg.com/@react-types/menu/-/menu-3.7.3.tgz#beb8d0fb7f1e50254e2e7661dfbfa4bb38826dad"
  integrity sha512-3Pax24I/FyNKBjKyNR4ePD8eZs35Th57HzJAVjamQg2fHEDRomg9GQ7fdmfGj72Dv3x3JRCoPYqhJ3L5R3kbzg==
  dependencies:
    "@react-types/overlays" "^3.6.5"
    "@react-types/shared" "^3.16.0"

"@react-types/overlays@3.6.2":
  version "3.6.2"
  resolved "https://registry.yarnpkg.com/@react-types/overlays/-/overlays-3.6.2.tgz#f11f8abe5073ca7a80d3beada018b715af25859c"
  integrity sha512-ag9UCIlcNCvMHBORRksdLnQK3ef+CEbrt+TydOxBAxAf+87fXJ/0H6hP/4QTebEA2ixA0qz8CFga81S8ZGnOsQ==
  dependencies:
    "@react-types/shared" "^3.14.0"

"@react-types/overlays@^3.6.2", "@react-types/overlays@^3.6.5":
  version "3.6.5"
  resolved "https://registry.yarnpkg.com/@react-types/overlays/-/overlays-3.6.5.tgz#466b325d9be51f67beb98b7bec3fd9295c72efac"
  integrity sha512-IeWcF+YTucCYYHagNh8fZLH6R4YUONO1VHY57WJyIHwMy0qgEaKSQCwq72VO1fQJ0ySZgOgm31FniOyKkg6+eQ==
  dependencies:
    "@react-types/shared" "^3.16.0"

"@react-types/radio@^3.2.2", "@react-types/radio@^3.3.1":
  version "3.3.1"
  resolved "https://registry.yarnpkg.com/@react-types/radio/-/radio-3.3.1.tgz#688570ba9901d21850a16c2aaafed5dd83e09966"
  integrity sha512-q/x0kMvBsu6mH4bIkp/Jjrm9ff5y/p3UR0V4CmQFI7604gQd2Dt1dZMU/2HV9x70r1JfWRrDeRrVjUHVfFL5Vg==
  dependencies:
    "@react-types/shared" "^3.16.0"

"@react-types/shared@3.14.0":
  version "3.14.0"
  resolved "https://registry.yarnpkg.com/@react-types/shared/-/shared-3.14.0.tgz#240991d6672f32ecd2a172111e163be0fe0778f2"
  integrity sha512-K069Bh/P0qV3zUG8kqabeO8beAUlFdyVPvpcNVPjRl+0Q9NDS9mfdQbmUa0LqdVo5e6jRPdos77Ylflkrz8wcw==

"@react-types/shared@^3.13.1", "@react-types/shared@^3.14.0", "@react-types/shared@^3.16.0":
  version "3.16.0"
  resolved "https://registry.yarnpkg.com/@react-types/shared/-/shared-3.16.0.tgz#cab7bf0376969d1773480ecb2d6da5aa91391db5"
  integrity sha512-IQgU4oAEvMwylEvaTsr2XB1G/mAoMe1JFYLD6G78v++oAR9l8o9MQxZ0YSeANDkqTamb2gKezGoT1RxvSKjVxw==

"@react-types/switch@^3.2.5":
  version "3.2.5"
  resolved "https://registry.yarnpkg.com/@react-types/switch/-/switch-3.2.5.tgz#e1db722e8beeed846cfcf9de94cad81b4e0ead78"
  integrity sha512-DlUL0Bz79SUTRje/i8m6qn4Ipn+q8QnyIkyJhkoHeH1R0YNude8xZrBPWbj3zfdddAGDFSF1NzP69q0xmNAcTQ==
  dependencies:
    "@react-types/checkbox" "^3.4.1"
    "@react-types/shared" "^3.16.0"

"@react-types/table@^3.3.0", "@react-types/table@^3.4.0":
  version "3.4.0"
  resolved "https://registry.yarnpkg.com/@react-types/table/-/table-3.4.0.tgz#64715f6c355b880467f67b1e5288e6c28d6092e8"
  integrity sha512-G2L5WtaBMeG3v/5Kj/ZXH4ywz95vyPUBj7qy9UZJOYNaAR7uJWZkbe+Ka4xD4H/AaOk4mqW8dSo8cj7gtD66GQ==
  dependencies:
    "@react-types/grid" "^3.1.5"
    "@react-types/shared" "^3.16.0"

"@remix-run/router@1.1.0":
  version "1.1.0"
  resolved "https://registry.yarnpkg.com/@remix-run/router/-/router-1.1.0.tgz#b48db8148c8a888e50580a8152b6f68161c49406"
  integrity sha512-rGl+jH/7x1KBCQScz9p54p0dtPLNeKGb3e0wD2H5/oZj41bwQUnXdzbj2TbUAFhvD7cp9EyEQA4dEgpUFa1O7Q==

"@stitches/react@1.2.8":
  version "1.2.8"
  resolved "https://registry.yarnpkg.com/@stitches/react/-/react-1.2.8.tgz#954f8008be8d9c65c4e58efa0937f32388ce3a38"
  integrity sha512-9g9dWI4gsSVe8bNLlb+lMkBYsnIKCZTmvqvDG+Avnn69XfmHZKiaMrx7cgTaddq7aTPPmXiTsbFcUy0xgI4+wA==

"@swc/helpers@^0.4.14":
  version "0.4.14"
  resolved "https://registry.yarnpkg.com/@swc/helpers/-/helpers-0.4.14.tgz#1352ac6d95e3617ccb7c1498ff019654f1e12a74"
  integrity sha512-4C7nX/dvpzB7za4Ql9K81xK3HPxCpHMgwTZVyf+9JQ6VUbn9jjZVN7/Nkdz/Ugzs2CSjqnL/UPXroiVBVHUWUw==
  dependencies:
    tslib "^2.4.0"

clsx@^1.1.1:
  version "1.2.1"
  resolved "https://registry.yarnpkg.com/clsx/-/clsx-1.2.1.tgz#0ddc4a20a549b59c93a4116bb26f5294ca17dc12"
  integrity sha512-EcR6r5a8bj6pu3ycsa/E/cKVGuTgZJZdsyUYHOksG/UHIiKfjxzRxYJpyVBwYaQeOvghal9fcc4PidlgzugAQg==

esbuild@^0.16.7:
  version "0.16.7"
  resolved "https://registry.yarnpkg.com/esbuild/-/esbuild-0.16.7.tgz#3288f685a83c6097dea8ddf1759ca30d6e06535b"
  integrity sha512-P6OBFYFSQOGzfApqCeYKqfKRRbCIRsdppTXFo4aAvtiW3o8TTyiIplBvHJI171saPAiy3WlawJHCveJVIOIx1A==
  optionalDependencies:
    "@esbuild/android-arm" "0.16.7"
    "@esbuild/android-arm64" "0.16.7"
    "@esbuild/android-x64" "0.16.7"
    "@esbuild/darwin-arm64" "0.16.7"
    "@esbuild/darwin-x64" "0.16.7"
    "@esbuild/freebsd-arm64" "0.16.7"
    "@esbuild/freebsd-x64" "0.16.7"
    "@esbuild/linux-arm" "0.16.7"
    "@esbuild/linux-arm64" "0.16.7"
    "@esbuild/linux-ia32" "0.16.7"
    "@esbuild/linux-loong64" "0.16.7"
    "@esbuild/linux-mips64el" "0.16.7"
    "@esbuild/linux-ppc64" "0.16.7"
    "@esbuild/linux-riscv64" "0.16.7"
    "@esbuild/linux-s390x" "0.16.7"
    "@esbuild/linux-x64" "0.16.7"
    "@esbuild/netbsd-x64" "0.16.7"
    "@esbuild/openbsd-x64" "0.16.7"
    "@esbuild/sunos-x64" "0.16.7"
    "@esbuild/win32-arm64" "0.16.7"
    "@esbuild/win32-ia32" "0.16.7"
    "@esbuild/win32-x64" "0.16.7"

intl-messageformat@^10.1.0:
  version "10.2.5"
  resolved "https://registry.yarnpkg.com/intl-messageformat/-/intl-messageformat-10.2.5.tgz#a51e6e2700d82b5b7ccd7a9f3bd45d967d95afc0"
  integrity sha512-AievYMN6WLLHwBeCTv4aRKG+w3ZNyZtkObwgsKk3Q7GNTq8zDRvDbJSBQkb2OPeVCcAKcIXvak9FF/bRNavoww==
  dependencies:
    "@formatjs/ecma402-abstract" "1.14.3"
    "@formatjs/fast-memoize" "1.2.7"
    "@formatjs/icu-messageformat-parser" "2.1.14"
    tslib "^2.4.0"

"js-tokens@^3.0.0 || ^4.0.0":
  version "4.0.0"
  resolved "https://registry.yarnpkg.com/js-tokens/-/js-tokens-4.0.0.tgz#19203fb59991df98e3a287050d4647cdeaf32499"
  integrity sha512-RdJUflcE3cUzKiMqQgsCu06FPu9UdIJO0beYbPhHN4k6apgJtifcoCtT9bcxOpYBtpD2kCM6Sbzg4CausW/PKQ==

loose-envify@^1.1.0:
  version "1.4.0"
  resolved "https://registry.yarnpkg.com/loose-envify/-/loose-envify-1.4.0.tgz#71ee51fa7be4caec1a63839f7e682d8132d30caf"
  integrity sha512-lyuxPGr/Wfhrlem2CL/UcnUc1zcqKAImBDzukY7Y5F/yQiNdko6+fRLevlw1HgMySw7f611UIY408EtxRSoK3Q==
  dependencies:
    js-tokens "^3.0.0 || ^4.0.0"

react-dom@^18.2.0:
  version "18.2.0"
  resolved "https://registry.yarnpkg.com/react-dom/-/react-dom-18.2.0.tgz#22aaf38708db2674ed9ada224ca4aa708d821e3d"
  integrity sha512-6IMTriUmvsjHUjNtEDudZfuDQUoWXVxKHhlEGSk81n4YFS+r/Kl99wXiwlVXtPBtJenozv2P+hxDsw9eA7Xo6g==
  dependencies:
    loose-envify "^1.1.0"
    scheduler "^0.23.0"

react-router-dom@^6.5.0:
  version "6.5.0"
  resolved "https://registry.yarnpkg.com/react-router-dom/-/react-router-dom-6.5.0.tgz#3970bdcaa7c710a6e0b478a833ba0b4b8ae61a6f"
  integrity sha512-/XzRc5fq80gW1ctiIGilyKFZC/j4kfe75uivMsTChFbkvrK4ZrF3P3cGIc1f/SSkQ4JiJozPrf+AwUHHWVehVg==
  dependencies:
    "@remix-run/router" "1.1.0"
    react-router "6.5.0"

react-router@6.5.0:
  version "6.5.0"
  resolved "https://registry.yarnpkg.com/react-router/-/react-router-6.5.0.tgz#b53f15543a60750c925609d2e38037ac5aed6dd3"
  integrity sha512-fqqUSU0NC0tSX0sZbyuxzuAzvGqbjiZItBQnyicWlOUmzhAU8YuLgRbaCL2hf3sJdtRy4LP/WBrWtARkMvdGPQ==
  dependencies:
    "@remix-run/router" "1.1.0"

react@^18.2.0:
  version "18.2.0"
  resolved "https://registry.yarnpkg.com/react/-/react-18.2.0.tgz#555bd98592883255fa00de14f1151a917b5d77d5"
  integrity sha512-/3IjMdb2L9QbBdWiW5e3P2/npwMBaU9mHCSCUzNln0ZCYbcfTsGbTJrU/kGemdH2IWmB2ioZ+zkxtmq6g09fGQ==
  dependencies:
    loose-envify "^1.1.0"

regenerator-runtime@^0.13.11:
  version "0.13.11"
  resolved "https://registry.yarnpkg.com/regenerator-runtime/-/regenerator-runtime-0.13.11.tgz#f6dca3e7ceec20590d07ada785636a90cdca17f9"
  integrity sha512-kY1AZVr2Ra+t+piVaJ4gxaFaReZVH40AKNo7UCX6W+dEwBo/2oZJzqfuN1qLq1oL45o56cPaTXELwrTh8Fpggg==

scheduler@^0.23.0:
  version "0.23.0"
  resolved "https://registry.yarnpkg.com/scheduler/-/scheduler-0.23.0.tgz#ba8041afc3d30eb206a487b6b384002e4e61fdfe"
  integrity sha512-CtuThmgHNg7zIZWAXi3AsyIzA3n4xx7aNyjwC2VJldO2LMVDhFK+63xGqq6CsJH4rTAt6/M+N4GhZiDYPx9eUw==
  dependencies:
    loose-envify "^1.1.0"

tslib@^2.4.0:
  version "2.4.1"
  resolved "https://registry.yarnpkg.com/tslib/-/tslib-2.4.1.tgz#0d0bfbaac2880b91e22df0768e55be9753a5b17e"
  integrity sha512-tGyy4dAjRIEwI7BzsB0lynWgOpfqjUdq91XXAlIWD2OwKBH7oCl/GZG/HT4BOHrTlPMOASlMQ7veyTqpmRcrNA==
